// !$*UTF8*$!
{
	archiveVersion = 1;
	classes = {
	};
	objectVersion = 46;
	objects = {

/* Begin PBXBuildFile section */
		6C8931251C57E42E005099C8 /* main.m in Sources */ = {isa = PBXBuildFile; fileRef = 6C8931241C57E42E005099C8 /* main.m */; };
		6C8931281C57E42E005099C8 /* AppDelegate.m in Sources */ = {isa = PBXBuildFile; fileRef = 6C8931271C57E42E005099C8 /* AppDelegate.m */; };
		6C89312B1C57E42E005099C8 /* ViewController.m in Sources */ = {isa = PBXBuildFile; fileRef = 6C89312A1C57E42E005099C8 /* ViewController.m */; };
		6C89312E1C57E42F005099C8 /* Main.storyboard in Resources */ = {isa = PBXBuildFile; fileRef = 6C89312C1C57E42F005099C8 /* Main.storyboard */; };
		6C8931301C57E42F005099C8 /* Assets.xcassets in Resources */ = {isa = PBXBuildFile; fileRef = 6C89312F1C57E42F005099C8 /* Assets.xcassets */; };
		6C8931331C57E42F005099C8 /* LaunchScreen.storyboard in Resources */ = {isa = PBXBuildFile; fileRef = 6C8931311C57E42F005099C8 /* LaunchScreen.storyboard */; };
		6C89313E1C57E42F005099C8 /* GSKeysTests.m in Sources */ = {isa = PBXBuildFile; fileRef = 6C89313D1C57E42F005099C8 /* GSKeysTests.m */; };
		6C8931491C57E42F005099C8 /* GSKeysUITests.m in Sources */ = {isa = PBXBuildFile; fileRef = 6C8931481C57E42F005099C8 /* GSKeysUITests.m */; };
/* End PBXBuildFile section */

/* Begin PBXContainerItemProxy section */
		6C89313A1C57E42F005099C8 /* PBXContainerItemProxy */ = {
			isa = PBXContainerItemProxy;
			containerPortal = 6C8931181C57E42E005099C8 /* Project object */;
			proxyType = 1;
			remoteGlobalIDString = 6C89311F1C57E42E005099C8;
			remoteInfo = GSKeys;
		};
		6C8931451C57E42F005099C8 /* PBXContainerItemProxy */ = {
			isa = PBXContainerItemProxy;
			containerPortal = 6C8931181C57E42E005099C8 /* Project object */;
			proxyType = 1;
			remoteGlobalIDString = 6C89311F1C57E42E005099C8;
			remoteInfo = GSKeys;
		};
/* End PBXContainerItemProxy section */

/* Begin PBXFileReference section */
		6C8931201C57E42E005099C8 /* GSKeys.app */ = {isa = PBXFileReference; explicitFileType = wrapper.application; includeInIndex = 0; path = GSKeys.app; sourceTree = BUILT_PRODUCTS_DIR; };
		6C8931241C57E42E005099C8 /* main.m */ = {isa = PBXFileReference; lastKnownFileType = sourcecode.c.objc; path = main.m; sourceTree = "<group>"; };
		6C8931261C57E42E005099C8 /* AppDelegate.h */ = {isa = PBXFileReference; lastKnownFileType = sourcecode.c.h; path = AppDelegate.h; sourceTree = "<group>"; };
		6C8931271C57E42E005099C8 /* AppDelegate.m */ = {isa = PBXFileReference; lastKnownFileType = sourcecode.c.objc; path = AppDelegate.m; sourceTree = "<group>"; };
		6C8931291C57E42E005099C8 /* ViewController.h */ = {isa = PBXFileReference; lastKnownFileType = sourcecode.c.h; path = ViewController.h; sourceTree = "<group>"; };
		6C89312A1C57E42E005099C8 /* ViewController.m */ = {isa = PBXFileReference; lastKnownFileType = sourcecode.c.objc; path = ViewController.m; sourceTree = "<group>"; };
		6C89312D1C57E42F005099C8 /* Base */ = {isa = PBXFileReference; lastKnownFileType = file.storyboard; name = Base; path = Base.lproj/Main.storyboard; sourceTree = "<group>"; };
		6C89312F1C57E42F005099C8 /* Assets.xcassets */ = {isa = PBXFileReference; lastKnownFileType = folder.assetcatalog; path = Assets.xcassets; sourceTree = "<group>"; };
		6C8931321C57E42F005099C8 /* Base */ = {isa = PBXFileReference; lastKnownFileType = file.storyboard; name = Base; path = Base.lproj/LaunchScreen.storyboard; sourceTree = "<group>"; };
		6C8931341C57E42F005099C8 /* Info.plist */ = {isa = PBXFileReference; lastKnownFileType = text.plist.xml; path = Info.plist; sourceTree = "<group>"; };
		6C8931391C57E42F005099C8 /* GSKeysTests.xctest */ = {isa = PBXFileReference; explicitFileType = wrapper.cfbundle; includeInIndex = 0; path = GSKeysTests.xctest; sourceTree = BUILT_PRODUCTS_DIR; };
		6C89313D1C57E42F005099C8 /* GSKeysTests.m */ = {isa = PBXFileReference; lastKnownFileType = sourcecode.c.objc; path = GSKeysTests.m; sourceTree = "<group>"; };
		6C89313F1C57E42F005099C8 /* Info.plist */ = {isa = PBXFileReference; lastKnownFileType = text.plist.xml; path = Info.plist; sourceTree = "<group>"; };
		6C8931441C57E42F005099C8 /* GSKeysUITests.xctest */ = {isa = PBXFileReference; explicitFileType = wrapper.cfbundle; includeInIndex = 0; path = GSKeysUITests.xctest; sourceTree = BUILT_PRODUCTS_DIR; };
		6C8931481C57E42F005099C8 /* GSKeysUITests.m */ = {isa = PBXFileReference; lastKnownFileType = sourcecode.c.objc; path = GSKeysUITests.m; sourceTree = "<group>"; };
		6C89314A1C57E42F005099C8 /* Info.plist */ = {isa = PBXFileReference; lastKnownFileType = text.plist.xml; path = Info.plist; sourceTree = "<group>"; };
/* End PBXFileReference section */

/* Begin PBXFrameworksBuildPhase section */
		6C89311D1C57E42E005099C8 /* Frameworks */ = {
			isa = PBXFrameworksBuildPhase;
			buildActionMask = 2147483647;
			files = (
			);
			runOnlyForDeploymentPostprocessing = 0;
		};
		6C8931361C57E42F005099C8 /* Frameworks */ = {
			isa = PBXFrameworksBuildPhase;
			buildActionMask = 2147483647;
			files = (
			);
			runOnlyForDeploymentPostprocessing = 0;
		};
		6C8931411C57E42F005099C8 /* Frameworks */ = {
			isa = PBXFrameworksBuildPhase;
			buildActionMask = 2147483647;
			files = (
			);
			runOnlyForDeploymentPostprocessing = 0;
		};
/* End PBXFrameworksBuildPhase section */

/* Begin PBXGroup section */
		6C8931171C57E42E005099C8 = {
			isa = PBXGroup;
			children = (
				6C8931221C57E42E005099C8 /* GSKeys */,
				6C89313C1C57E42F005099C8 /* GSKeysTests */,
				6C8931471C57E42F005099C8 /* GSKeysUITests */,
				6C8931211C57E42E005099C8 /* Products */,
			);
			sourceTree = "<group>";
		};
		6C8931211C57E42E005099C8 /* Products */ = {
			isa = PBXGroup;
			children = (
				6C8931201C57E42E005099C8 /* GSKeys.app */,
				6C8931391C57E42F005099C8 /* GSKeysTests.xctest */,
				6C8931441C57E42F005099C8 /* GSKeysUITests.xctest */,
			);
			name = Products;
			sourceTree = "<group>";
		};
		6C8931221C57E42E005099C8 /* GSKeys */ = {
			isa = PBXGroup;
			children = (
				6C8931261C57E42E005099C8 /* AppDelegate.h */,
				6C8931271C57E42E005099C8 /* AppDelegate.m */,
				6C8931291C57E42E005099C8 /* ViewController.h */,
				6C89312A1C57E42E005099C8 /* ViewController.m */,
				6C89312C1C57E42F005099C8 /* Main.storyboard */,
				6C89312F1C57E42F005099C8 /* Assets.xcassets */,
				6C8931311C57E42F005099C8 /* LaunchScreen.storyboard */,
				6C8931341C57E42F005099C8 /* Info.plist */,
				6C8931231C57E42E005099C8 /* Supporting Files */,
			);
			path = GSKeys;
			sourceTree = "<group>";
		};
		6C8931231C57E42E005099C8 /* Supporting Files */ = {
			isa = PBXGroup;
			children = (
				6C8931241C57E42E005099C8 /* main.m */,
			);
			name = "Supporting Files";
			sourceTree = "<group>";
		};
		6C89313C1C57E42F005099C8 /* GSKeysTests */ = {
			isa = PBXGroup;
			children = (
				6C89313D1C57E42F005099C8 /* GSKeysTests.m */,
				6C89313F1C57E42F005099C8 /* Info.plist */,
			);
			path = GSKeysTests;
			sourceTree = "<group>";
		};
		6C8931471C57E42F005099C8 /* GSKeysUITests */ = {
			isa = PBXGroup;
			children = (
				6C8931481C57E42F005099C8 /* GSKeysUITests.m */,
				6C89314A1C57E42F005099C8 /* Info.plist */,
			);
			path = GSKeysUITests;
			sourceTree = "<group>";
		};
/* End PBXGroup section */

/* Begin PBXNativeTarget section */
		6C89311F1C57E42E005099C8 /* GSKeys */ = {
			isa = PBXNativeTarget;
			buildConfigurationList = 6C89314D1C57E42F005099C8 /* Build configuration list for PBXNativeTarget "GSKeys" */;
			buildPhases = (
				6C89311C1C57E42E005099C8 /* Sources */,
				6C89311D1C57E42E005099C8 /* Frameworks */,
				6C89311E1C57E42E005099C8 /* Resources */,
			);
			buildRules = (
			);
			dependencies = (
			);
			name = GSKeys;
			productName = GSKeys;
			productReference = 6C8931201C57E42E005099C8 /* GSKeys.app */;
			productType = "com.apple.product-type.application";
		};
		6C8931381C57E42F005099C8 /* GSKeysTests */ = {
			isa = PBXNativeTarget;
			buildConfigurationList = 6C8931501C57E42F005099C8 /* Build configuration list for PBXNativeTarget "GSKeysTests" */;
			buildPhases = (
				6C8931351C57E42F005099C8 /* Sources */,
				6C8931361C57E42F005099C8 /* Frameworks */,
				6C8931371C57E42F005099C8 /* Resources */,
			);
			buildRules = (
			);
			dependencies = (
				6C89313B1C57E42F005099C8 /* PBXTargetDependency */,
			);
			name = GSKeysTests;
			productName = GSKeysTests;
			productReference = 6C8931391C57E42F005099C8 /* GSKeysTests.xctest */;
			productType = "com.apple.product-type.bundle.unit-test";
		};
		6C8931431C57E42F005099C8 /* GSKeysUITests */ = {
			isa = PBXNativeTarget;
			buildConfigurationList = 6C8931531C57E42F005099C8 /* Build configuration list for PBXNativeTarget "GSKeysUITests" */;
			buildPhases = (
				6C8931401C57E42F005099C8 /* Sources */,
				6C8931411C57E42F005099C8 /* Frameworks */,
				6C8931421C57E42F005099C8 /* Resources */,
			);
			buildRules = (
			);
			dependencies = (
				6C8931461C57E42F005099C8 /* PBXTargetDependency */,
			);
			name = GSKeysUITests;
			productName = GSKeysUITests;
			productReference = 6C8931441C57E42F005099C8 /* GSKeysUITests.xctest */;
			productType = "com.apple.product-type.bundle.ui-testing";
		};
/* End PBXNativeTarget section */

/* Begin PBXProject section */
		6C8931181C57E42E005099C8 /* Project object */ = {
			isa = PBXProject;
			attributes = {
				LastUpgradeCheck = 0720;
				ORGANIZATIONNAME = "Owen McGirr";
				TargetAttributes = {
					6C89311F1C57E42E005099C8 = {
						CreatedOnToolsVersion = 7.2;
					};
					6C8931381C57E42F005099C8 = {
						CreatedOnToolsVersion = 7.2;
						TestTargetID = 6C89311F1C57E42E005099C8;
					};
					6C8931431C57E42F005099C8 = {
						CreatedOnToolsVersion = 7.2;
						TestTargetID = 6C89311F1C57E42E005099C8;
					};
				};
			};
			buildConfigurationList = 6C89311B1C57E42E005099C8 /* Build configuration list for PBXProject "GSKeys" */;
			compatibilityVersion = "Xcode 3.2";
			developmentRegion = English;
			hasScannedForEncodings = 0;
			knownRegions = (
				en,
				Base,
			);
			mainGroup = 6C8931171C57E42E005099C8;
			productRefGroup = 6C8931211C57E42E005099C8 /* Products */;
			projectDirPath = "";
			projectRoot = "";
			targets = (
				6C89311F1C57E42E005099C8 /* GSKeys */,
				6C8931381C57E42F005099C8 /* GSKeysTests */,
				6C8931431C57E42F005099C8 /* GSKeysUITests */,
			);
		};
/* End PBXProject section */

/* Begin PBXResourcesBuildPhase section */
		6C89311E1C57E42E005099C8 /* Resources */ = {
			isa = PBXResourcesBuildPhase;
			buildActionMask = 2147483647;
			files = (
				6C8931331C57E42F005099C8 /* LaunchScreen.storyboard in Resources */,
				6C8931301C57E42F005099C8 /* Assets.xcassets in Resources */,
				6C89312E1C57E42F005099C8 /* Main.storyboard in Resources */,
			);
			runOnlyForDeploymentPostprocessing = 0;
		};
		6C8931371C57E42F005099C8 /* Resources */ = {
			isa = PBXResourcesBuildPhase;
			buildActionMask = 2147483647;
			files = (
			);
			runOnlyForDeploymentPostprocessing = 0;
		};
		6C8931421C57E42F005099C8 /* Resources */ = {
			isa = PBXResourcesBuildPhase;
			buildActionMask = 2147483647;
			files = (
			);
			runOnlyForDeploymentPostprocessing = 0;
		};
/* End PBXResourcesBuildPhase section */

/* Begin PBXSourcesBuildPhase section */
		6C89311C1C57E42E005099C8 /* Sources */ = {
			isa = PBXSourcesBuildPhase;
			buildActionMask = 2147483647;
			files = (
				6C89312B1C57E42E005099C8 /* ViewController.m in Sources */,
				6C8931281C57E42E005099C8 /* AppDelegate.m in Sources */,
				6C8931251C57E42E005099C8 /* main.m in Sources */,
			);
			runOnlyForDeploymentPostprocessing = 0;
		};
		6C8931351C57E42F005099C8 /* Sources */ = {
			isa = PBXSourcesBuildPhase;
			buildActionMask = 2147483647;
			files = (
				6C89313E1C57E42F005099C8 /* GSKeysTests.m in Sources */,
			);
			runOnlyForDeploymentPostprocessing = 0;
		};
		6C8931401C57E42F005099C8 /* Sources */ = {
			isa = PBXSourcesBuildPhase;
			buildActionMask = 2147483647;
			files = (
				6C8931491C57E42F005099C8 /* GSKeysUITests.m in Sources */,
			);
			runOnlyForDeploymentPostprocessing = 0;
		};
/* End PBXSourcesBuildPhase section */

/* Begin PBXTargetDependency section */
		6C89313B1C57E42F005099C8 /* PBXTargetDependency */ = {
			isa = PBXTargetDependency;
			target = 6C89311F1C57E42E005099C8 /* GSKeys */;
			targetProxy = 6C89313A1C57E42F005099C8 /* PBXContainerItemProxy */;
		};
		6C8931461C57E42F005099C8 /* PBXTargetDependency */ = {
			isa = PBXTargetDependency;
			target = 6C89311F1C57E42E005099C8 /* GSKeys */;
			targetProxy = 6C8931451C57E42F005099C8 /* PBXContainerItemProxy */;
		};
/* End PBXTargetDependency section */

/* Begin PBXVariantGroup section */
		6C89312C1C57E42F005099C8 /* Main.storyboard */ = {
			isa = PBXVariantGroup;
			children = (
				6C89312D1C57E42F005099C8 /* Base */,
			);
			name = Main.storyboard;
			sourceTree = "<group>";
		};
		6C8931311C57E42F005099C8 /* LaunchScreen.storyboard */ = {
			isa = PBXVariantGroup;
			children = (
				6C8931321C57E42F005099C8 /* Base */,
			);
			name = LaunchScreen.storyboard;
			sourceTree = "<group>";
		};
/* End PBXVariantGroup section */

/* Begin XCBuildConfiguration section */
		6C89314B1C57E42F005099C8 /* Debug */ = {
			isa = XCBuildConfiguration;
			buildSettings = {
				ALWAYS_SEARCH_USER_PATHS = NO;
				CLANG_CXX_LANGUAGE_STANDARD = "gnu++0x";
				CLANG_CXX_LIBRARY = "libc++";
				CLANG_ENABLE_MODULES = YES;
				CLANG_ENABLE_OBJC_ARC = YES;
				CLANG_WARN_BOOL_CONVERSION = YES;
				CLANG_WARN_CONSTANT_CONVERSION = YES;
				CLANG_WARN_DIRECT_OBJC_ISA_USAGE = YES_ERROR;
				CLANG_WARN_EMPTY_BODY = YES;
				CLANG_WARN_ENUM_CONVERSION = YES;
				CLANG_WARN_INT_CONVERSION = YES;
				CLANG_WARN_OBJC_ROOT_CLASS = YES_ERROR;
				CLANG_WARN_UNREACHABLE_CODE = YES;
				CLANG_WARN__DUPLICATE_METHOD_MATCH = YES;
				"CODE_SIGN_IDENTITY[sdk=iphoneos*]" = "iPhone Developer";
				COPY_PHASE_STRIP = NO;
				DEBUG_INFORMATION_FORMAT = dwarf;
				ENABLE_STRICT_OBJC_MSGSEND = YES;
				ENABLE_TESTABILITY = YES;
				GCC_C_LANGUAGE_STANDARD = gnu99;
				GCC_DYNAMIC_NO_PIC = NO;
				GCC_NO_COMMON_BLOCKS = YES;
				GCC_OPTIMIZATION_LEVEL = 0;
				GCC_PREPROCESSOR_DEFINITIONS = (
					"DEBUG=1",
					"$(inherited)",
				);
				GCC_WARN_64_TO_32_BIT_CONVERSION = YES;
				GCC_WARN_ABOUT_RETURN_TYPE = YES_ERROR;
				GCC_WARN_UNDECLARED_SELECTOR = YES;
				GCC_WARN_UNINITIALIZED_AUTOS = YES_AGGRESSIVE;
				GCC_WARN_UNUSED_FUNCTION = YES;
				GCC_WARN_UNUSED_VARIABLE = YES;
				IPHONEOS_DEPLOYMENT_TARGET = 9.2;
				MTL_ENABLE_DEBUG_INFO = YES;
				ONLY_ACTIVE_ARCH = YES;
				SDKROOT = iphoneos;
				TARGETED_DEVICE_FAMILY = "1,2";
			};
			name = Debug;
		};
		6C89314C1C57E42F005099C8 /* Release */ = {
			isa = XCBuildConfiguration;
			buildSettings = {
				ALWAYS_SEARCH_USER_PATHS = NO;
				CLANG_CXX_LANGUAGE_STANDARD = "gnu++0x";
				CLANG_CXX_LIBRARY = "libc++";
				CLANG_ENABLE_MODULES = YES;
				CLANG_ENABLE_OBJC_ARC = YES;
				CLANG_WARN_BOOL_CONVERSION = YES;
				CLANG_WARN_CONSTANT_CONVERSION = YES;
				CLANG_WARN_DIRECT_OBJC_ISA_USAGE = YES_ERROR;
				CLANG_WARN_EMPTY_BODY = YES;
				CLANG_WARN_ENUM_CONVERSION = YES;
				CLANG_WARN_INT_CONVERSION = YES;
				CLANG_WARN_OBJC_ROOT_CLASS = YES_ERROR;
				CLANG_WARN_UNREACHABLE_CODE = YES;
				CLANG_WARN__DUPLICATE_METHOD_MATCH = YES;
				"CODE_SIGN_IDENTITY[sdk=iphoneos*]" = "iPhone Developer";
				COPY_PHASE_STRIP = NO;
				DEBUG_INFORMATION_FORMAT = "dwarf-with-dsym";
				ENABLE_NS_ASSERTIONS = NO;
				ENABLE_STRICT_OBJC_MSGSEND = YES;
				GCC_C_LANGUAGE_STANDARD = gnu99;
				GCC_NO_COMMON_BLOCKS = YES;
				GCC_WARN_64_TO_32_BIT_CONVERSION = YES;
				GCC_WARN_ABOUT_RETURN_TYPE = YES_ERROR;
				GCC_WARN_UNDECLARED_SELECTOR = YES;
				GCC_WARN_UNINITIALIZED_AUTOS = YES_AGGRESSIVE;
				GCC_WARN_UNUSED_FUNCTION = YES;
				GCC_WARN_UNUSED_VARIABLE = YES;
				IPHONEOS_DEPLOYMENT_TARGET = 9.2;
				MTL_ENABLE_DEBUG_INFO = NO;
				SDKROOT = iphoneos;
				TARGETED_DEVICE_FAMILY = "1,2";
				VALIDATE_PRODUCT = YES;
			};
			name = Release;
		};
		6C89314E1C57E42F005099C8 /* Debug */ = {
			isa = XCBuildConfiguration;
			buildSettings = {
				ASSETCATALOG_COMPILER_APPICON_NAME = AppIcon;
				INFOPLIST_FILE = GSKeys/Info.plist;
				LD_RUNPATH_SEARCH_PATHS = "$(inherited) @executable_path/Frameworks";
				PRODUCT_BUNDLE_IDENTIFIER = com.owenmcgirr.GSKeys;
				PRODUCT_NAME = "$(TARGET_NAME)";
			};
			name = Debug;
		};
		6C89314F1C57E42F005099C8 /* Release */ = {
			isa = XCBuildConfiguration;
			buildSettings = {
				ASSETCATALOG_COMPILER_APPICON_NAME = AppIcon;
				INFOPLIST_FILE = GSKeys/Info.plist;
				LD_RUNPATH_SEARCH_PATHS = "$(inherited) @executable_path/Frameworks";
				PRODUCT_BUNDLE_IDENTIFIER = com.owenmcgirr.GSKeys;
				PRODUCT_NAME = "$(TARGET_NAME)";
			};
			name = Release;
		};
		6C8931511C57E42F005099C8 /* Debug */ = {
			isa = XCBuildConfiguration;
			buildSettings = {
				BUNDLE_LOADER = "$(TEST_HOST)";
				INFOPLIST_FILE = GSKeysTests/Info.plist;
				LD_RUNPATH_SEARCH_PATHS = "$(inherited) @executable_path/Frameworks @loader_path/Frameworks";
				PRODUCT_BUNDLE_IDENTIFIER = com.owenmcgirr.GSKeysTests;
				PRODUCT_NAME = "$(TARGET_NAME)";
				TEST_HOST = "$(BUILT_PRODUCTS_DIR)/GSKeys.app/GSKeys";
			};
			name = Debug;
		};
		6C8931521C57E42F005099C8 /* Release */ = {
			isa = XCBuildConfiguration;
			buildSettings = {
				BUNDLE_LOADER = "$(TEST_HOST)";
				INFOPLIST_FILE = GSKeysTests/Info.plist;
				LD_RUNPATH_SEARCH_PATHS = "$(inherited) @executable_path/Frameworks @loader_path/Frameworks";
				PRODUCT_BUNDLE_IDENTIFIER = com.owenmcgirr.GSKeysTests;
				PRODUCT_NAME = "$(TARGET_NAME)";
				TEST_HOST = "$(BUILT_PRODUCTS_DIR)/GSKeys.app/GSKeys";
			};
			name = Release;
		};
		6C8931541C57E42F005099C8 /* Debug */ = {
			isa = XCBuildConfiguration;
			buildSettings = {
				INFOPLIST_FILE = GSKeysUITests/Info.plist;
				LD_RUNPATH_SEARCH_PATHS = "$(inherited) @executable_path/Frameworks @loader_path/Frameworks";
				PRODUCT_BUNDLE_IDENTIFIER = com.owenmcgirr.GSKeysUITests;
				PRODUCT_NAME = "$(TARGET_NAME)";
				TEST_TARGET_NAME = GSKeys;
				USES_XCTRUNNER = YES;
			};
			name = Debug;
		};
		6C8931551C57E42F005099C8 /* Release */ = {
			isa = XCBuildConfiguration;
			buildSettings = {
				INFOPLIST_FILE = GSKeysUITests/Info.plist;
				LD_RUNPATH_SEARCH_PATHS = "$(inherited) @executable_path/Frameworks @loader_path/Frameworks";
				PRODUCT_BUNDLE_IDENTIFIER = com.owenmcgirr.GSKeysUITests;
				PRODUCT_NAME = "$(TARGET_NAME)";
				TEST_TARGET_NAME = GSKeys;
				USES_XCTRUNNER = YES;
			};
			name = Release;
		};
/* End XCBuildConfiguration section */

/* Begin XCConfigurationList section */
		6C89311B1C57E42E005099C8 /* Build configuration list for PBXProject "GSKeys" */ = {
			isa = XCConfigurationList;
			buildConfigurations = (
				6C89314B1C57E42F005099C8 /* Debug */,
				6C89314C1C57E42F005099C8 /* Release */,
			);
			defaultConfigurationIsVisible = 0;
			defaultConfigurationName = Release;
		};
		6C89314D1C57E42F005099C8 /* Build configuration list for PBXNativeTarget "GSKeys" */ = {
			isa = XCConfigurationList;
			buildConfigurations = (
				6C89314E1C57E42F005099C8 /* Debug */,
				6C89314F1C57E42F005099C8 /* Release */,
			);
			defaultConfigurationIsVisible = 0;
		};
		6C8931501C57E42F005099C8 /* Build configuration list for PBXNativeTarget "GSKeysTests" */ = {
			isa = XCConfigurationList;
			buildConfigurations = (
				6C8931511C57E42F005099C8 /* Debug */,
				6C8931521C57E42F005099C8 /* Release */,
			);
			defaultConfigurationIsVisible = 0;
		};
		6C8931531C57E42F005099C8 /* Build configuration list for PBXNativeTarget "GSKeysUITests" */ = {
			isa = XCConfigurationList;
			buildConfigurations = (
				6C8931541C57E42F005099C8 /* Debug */,
				6C8931551C57E42F005099C8 /* Release */,
			);
			defaultConfigurationIsVisible = 0;
		};
/* End XCConfigurationList section */
	};
	rootObject = 6C8931181C57E42E005099C8 /* Project object */;
}
